
Microsoft Visual Studio Solution File, Format Version 12.00
# Visual Studio Version 16
VisualStudioVersion = 16.0.31025.194
MinimumVisualStudioVersion = 10.0.40219.1
Project("{2150E333-8FDC-42A3-9474-1A3956D46DE8}") = "Solution Items", "Solution Items", "{4F7EEFFE-471A-4CEA-A2E6-0C84A986DD78}"
	ProjectSection(SolutionItems) = preProject
		.gitattributes = .gitattributes
		.gitignore = .gitignore
		readme.md = readme.md
	EndProjectSection
EndProject
Project("{9A19103F-16F7-4668-BE54-9A1E7A4F7556}") = "Project1", "Project1\Project1.csproj", "{3DF51CDB-2E31-4FF8-9E1B-1900BCB43052}"
EndProject
Project("{9A19103F-16F7-4668-BE54-9A1E7A4F7556}") = "Project2", "Project2\Project2.csproj", "{D7F2C9AE-CC1F-4A06-A2BE-3C31F3C62691}"
EndProject
Project("{E24C65DC-7377-472B-9ABA-BC803B73C61A}") = "nrwl-and-nrgx", "Web\nrwl-and-nrgx\", "{8EC15C8A-1E17-4967-96D7-A696696CB18F}"
	ProjectSection(WebsiteProperties) = preProject
		TargetFrameworkMoniker = ".NETFramework,Version%3Dv4.0"
		Debug.AspNetCompiler.VirtualPath = "/localhost_60703"
		Debug.AspNetCompiler.PhysicalPath = "Web\nrwl-and-nrgx\"
		Debug.AspNetCompiler.TargetPath = "PrecompiledWeb\localhost_60703\"
		Debug.AspNetCompiler.Updateable = "true"
		Debug.AspNetCompiler.ForceOverwrite = "true"
		Debug.AspNetCompiler.FixedNames = "false"
		Debug.AspNetCompiler.Debug = "True"
		Release.AspNetCompiler.VirtualPath = "/localhost_60703"
		Release.AspNetCompiler.PhysicalPath = "Web\nrwl-and-nrgx\"
		Release.AspNetCompiler.TargetPath = "PrecompiledWeb\localhost_60703\"
		Release.AspNetCompiler.Updateable = "true"
		Release.AspNetCompiler.ForceOverwrite = "true"
		Release.AspNetCompiler.FixedNames = "false"
		Release.AspNetCompiler.Debug = "False"
		VWDPort = "60703"
		SlnRelativePath = "Web\nrwl-and-nrgx\"
	EndProjectSection
EndProject
Global
	GlobalSection(SolutionConfigurationPlatforms) = preSolution
		Debug|Any CPU = Debug|Any CPU
		Release|Any CPU = Release|Any CPU
	EndGlobalSection
	GlobalSection(ProjectConfigurationPlatforms) = postSolution
		{3DF51CDB-2E31-4FF8-9E1B-1900BCB43052}.Debug|Any CPU.ActiveCfg = Debug|Any CPU
		{3DF51CDB-2E31-4FF8-9E1B-1900BCB43052}.Debug|Any CPU.Build.0 = Debug|Any CPU
		{3DF51CDB-2E31-4FF8-9E1B-1900BCB43052}.Release|Any CPU.ActiveCfg = Release|Any CPU
		{3DF51CDB-2E31-4FF8-9E1B-1900BCB43052}.Release|Any CPU.Build.0 = Release|Any CPU
		{D7F2C9AE-CC1F-4A06-A2BE-3C31F3C62691}.Debug|Any CPU.ActiveCfg = Debug|Any CPU
		{D7F2C9AE-CC1F-4A06-A2BE-3C31F3C62691}.Debug|Any CPU.Build.0 = Debug|Any CPU
		{D7F2C9AE-CC1F-4A06-A2BE-3C31F3C62691}.Release|Any CPU.ActiveCfg = Release|Any CPU
		{D7F2C9AE-CC1F-4A06-A2BE-3C31F3C62691}.Release|Any CPU.Build.0 = Release|Any CPU
		{8EC15C8A-1E17-4967-96D7-A696696CB18F}.Debug|Any CPU.ActiveCfg = Debug|Any CPU
		{8EC15C8A-1E17-4967-96D7-A696696CB18F}.Debug|Any CPU.Build.0 = Debug|Any CPU
		{8EC15C8A-1E17-4967-96D7-A696696CB18F}.Release|Any CPU.ActiveCfg = Debug|Any CPU
		{8EC15C8A-1E17-4967-96D7-A696696CB18F}.Release|Any CPU.Build.0 = Debug|Any CPU
	EndGlobalSection
	GlobalSection(SolutionProperties) = preSolution
		HideSolutionNode = FALSE
	EndGlobalSection
	GlobalSection(ExtensibilityGlobals) = postSolution
		SolutionGuid = {5CEDD533-8576-4981-A897-0CABB9A3FBFF}
	EndGlobalSection
EndGlobal
